
Microsoft Visual Studio Solution File, Format Version 12.00
# Visual Studio Version 16
VisualStudioVersion = 16.0.30907.101
MinimumVisualStudioVersion = 10.0.40219.1
Project("{535C04D7-A2A5-47C7-83E0-B340A995CD1F}") = "A3-SalesComm", "A3-SalesComm.cblproj", "{E78FEC10-8E7A-4EF9-A5D9-53FA5A3F5495}"
EndProject
Global
	GlobalSection(SolutionConfigurationPlatforms) = preSolution
		Debug|Any CPU = Debug|Any CPU
		Release|Any CPU = Release|Any CPU
	EndGlobalSection
	GlobalSection(ProjectConfigurationPlatforms) = postSolution
		{E78FEC10-8E7A-4EF9-A5D9-53FA5A3F5495}.Debug|Any CPU.ActiveCfg = Debug|Any CPU
		{E78FEC10-8E7A-4EF9-A5D9-53FA5A3F5495}.Debug|Any CPU.Build.0 = Debug|Any CPU
		{E78FEC10-8E7A-4EF9-A5D9-53FA5A3F5495}.Release|Any CPU.ActiveCfg = Release|Any CPU
		{E78FEC10-8E7A-4EF9-A5D9-53FA5A3F5495}.Release|Any CPU.Build.0 = Release|Any CPU
	EndGlobalSection
	GlobalSection(SolutionProperties) = preSolution
		HideSolutionNode = FALSE
	EndGlobalSection
	GlobalSection(ExtensibilityGlobals) = postSolution
		SolutionGuid = {F7459405-4933-4DBD-BB34-B875F606DF0B}
	EndGlobalSection
EndGlobal
